
Microsoft Visual Studio Solution File, Format Version 12.00
Project("{FAE04EC0-301F-11D3-BF4B-00C04F79EFBC}") = "Yordle.CodeGen.PropertyBin", "Yordle.CodeGen.PropertyBin\Yordle.CodeGen.PropertyBin.csproj", "{8E34E9FF-2787-4809-BB6E-8032C8EF2E5C}"
EndProject
Global
	GlobalSection(SolutionConfigurationPlatforms) = preSolution
		Debug|Any CPU = Debug|Any CPU
		Release|Any CPU = Release|Any CPU
	EndGlobalSection
	GlobalSection(ProjectConfigurationPlatforms) = postSolution
		{8E34E9FF-2787-4809-BB6E-8032C8EF2E5C}.Debug|Any CPU.ActiveCfg = Debug|Any CPU
		{8E34E9FF-2787-4809-BB6E-8032C8EF2E5C}.Debug|Any CPU.Build.0 = Debug|Any CPU
		{8E34E9FF-2787-4809-BB6E-8032C8EF2E5C}.Release|Any CPU.ActiveCfg = Release|Any CPU
		{8E34E9FF-2787-4809-BB6E-8032C8EF2E5C}.Release|Any CPU.Build.0 = Release|Any CPU
	EndGlobalSection
EndGlobal
